// !$*UTF8*$!
{
	archiveVersion = 1;
	classes = {
	};
	objectVersion = 46;
	objects = {

/* Begin PBXBuildFile section */
		1901DA441E8E8A89002FE833 /* AppDelegate.swift in Sources */ = {isa = PBXBuildFile; fileRef = 1901DA431E8E8A89002FE833 /* AppDelegate.swift */; };
		1901DA461E8E8A89002FE833 /* ViewController.swift in Sources */ = {isa = PBXBuildFile; fileRef = 1901DA451E8E8A89002FE833 /* ViewController.swift */; };
		1901DA491E8E8A89002FE833 /* Main.storyboard in Resources */ = {isa = PBXBuildFile; fileRef = 1901DA471E8E8A89002FE833 /* Main.storyboard */; };
		1901DA4B1E8E8A89002FE833 /* Assets.xcassets in Resources */ = {isa = PBXBuildFile; fileRef = 1901DA4A1E8E8A89002FE833 /* Assets.xcassets */; };
		1901DA4E1E8E8A89002FE833 /* LaunchScreen.storyboard in Resources */ = {isa = PBXBuildFile; fileRef = 1901DA4C1E8E8A89002FE833 /* LaunchScreen.storyboard */; };
		1927BEEA1E912915009326B9 /* Minecraft.ttf in Resources */ = {isa = PBXBuildFile; fileRef = 1927BEE91E912915009326B9 /* Minecraft.ttf */; };
		1927BEEC1E912A59009326B9 /* btn.wav in Resources */ = {isa = PBXBuildFile; fileRef = 1927BEEB1E912A59009326B9 /* btn.wav */; };
/* End PBXBuildFile section */

/* Begin PBXFileReference section */
		1901DA401E8E8A89002FE833 /* RetroCalculator.app */ = {isa = PBXFileReference; explicitFileType = wrapper.application; includeInIndex = 0; path = RetroCalculator.app; sourceTree = BUILT_PRODUCTS_DIR; };
		1901DA431E8E8A89002FE833 /* AppDelegate.swift */ = {isa = PBXFileReference; lastKnownFileType = sourcecode.swift; path = AppDelegate.swift; sourceTree = "<group>"; };
		1901DA451E8E8A89002FE833 /* ViewController.swift */ = {isa = PBXFileReference; lastKnownFileType = sourcecode.swift; path = ViewController.swift; sourceTree = "<group>"; };
		1901DA481E8E8A89002FE833 /* Base */ = {isa = PBXFileReference; lastKnownFileType = file.storyboard; name = Base; path = Base.lproj/Main.storyboard; sourceTree = "<group>"; };
		1901DA4A1E8E8A89002FE833 /* Assets.xcassets */ = {isa = PBXFileReference; lastKnownFileType = folder.assetcatalog; path = Assets.xcassets; sourceTree = "<group>"; };
		1901DA4D1E8E8A89002FE833 /* Base */ = {isa = PBXFileReference; lastKnownFileType = file.storyboard; name = Base; path = Base.lproj/LaunchScreen.storyboard; sourceTree = "<group>"; };
		1901DA4F1E8E8A89002FE833 /* Info.plist */ = {isa = PBXFileReference; lastKnownFileType = text.plist.xml; path = Info.plist; sourceTree = "<group>"; };
		1927BEE91E912915009326B9 /* Minecraft.ttf */ = {isa = PBXFileReference; lastKnownFileType = file; path = Minecraft.ttf; sourceTree = "<group>"; };
		1927BEEB1E912A59009326B9 /* btn.wav */ = {isa = PBXFileReference; lastKnownFileType = audio.wav; path = btn.wav; sourceTree = "<group>"; };
/* End PBXFileReference section */

/* Begin PBXFrameworksBuildPhase section */
		1901DA3D1E8E8A89002FE833 /* Frameworks */ = {
			isa = PBXFrameworksBuildPhase;
			buildActionMask = 2147483647;
			files = (
			);
			runOnlyForDeploymentPostprocessing = 0;
		};
/* End PBXFrameworksBuildPhase section */

/* Begin PBXGroup section */
		1901DA371E8E8A89002FE833 = {
			isa = PBXGroup;
			children = (
				1901DA421E8E8A89002FE833 /* RetroCalculator */,
				1901DA411E8E8A89002FE833 /* Products */,
			);
			sourceTree = "<group>";
		};
		1901DA411E8E8A89002FE833 /* Products */ = {
			isa = PBXGroup;
			children = (
				1901DA401E8E8A89002FE833 /* RetroCalculator.app */,
			);
			name = Products;
			sourceTree = "<group>";
		};
		1901DA421E8E8A89002FE833 /* RetroCalculator */ = {
			isa = PBXGroup;
			children = (
				1927BEE91E912915009326B9 /* Minecraft.ttf */,
				1927BEEB1E912A59009326B9 /* btn.wav */,
				1901DA431E8E8A89002FE833 /* AppDelegate.swift */,
				1901DA451E8E8A89002FE833 /* ViewController.swift */,
				1901DA471E8E8A89002FE833 /* Main.storyboard */,
				1901DA4A1E8E8A89002FE833 /* Assets.xcassets */,
				1901DA4C1E8E8A89002FE833 /* LaunchScreen.storyboard */,
				1901DA4F1E8E8A89002FE833 /* Info.plist */,
			);
			path = RetroCalculator;
			sourceTree = "<group>";
		};
/* End PBXGroup section */

/* Begin PBXNativeTarget section */
		1901DA3F1E8E8A89002FE833 /* RetroCalculator */ = {
			isa = PBXNativeTarget;
			buildConfigurationList = 1901DA521E8E8A89002FE833 /* Build configuration list for PBXNativeTarget "RetroCalculator" */;
			buildPhases = (
				1901DA3C1E8E8A89002FE833 /* Sources */,
				1901DA3D1E8E8A89002FE833 /* Frameworks */,
				1901DA3E1E8E8A89002FE833 /* Resources */,
			);
			buildRules = (
			);
			dependencies = (
			);
			name = RetroCalculator;
			productName = RetroCalculator;
			productReference = 1901DA401E8E8A89002FE833 /* RetroCalculator.app */;
			productType = "com.apple.product-type.application";
		};
/* End PBXNativeTarget section */

/* Begin PBXProject section */
		1901DA381E8E8A89002FE833 /* Project object */ = {
			isa = PBXProject;
			attributes = {
				LastSwiftUpdateCheck = 0830;
				LastUpgradeCheck = 0830;
				ORGANIZATIONNAME = "John Crisostomo";
				TargetAttributes = {
					1901DA3F1E8E8A89002FE833 = {
						CreatedOnToolsVersion = 8.3;
						DevelopmentTeam = W2J2UJ2R9S;
						ProvisioningStyle = Automatic;
					};
				};
			};
			buildConfigurationList = 1901DA3B1E8E8A89002FE833 /* Build configuration list for PBXProject "RetroCalculator" */;
			compatibilityVersion = "Xcode 3.2";
			developmentRegion = English;
			hasScannedForEncodings = 0;
			knownRegions = (
				en,
				Base,
			);
			mainGroup = 1901DA371E8E8A89002FE833;
			productRefGroup = 1901DA411E8E8A89002FE833 /* Products */;
			projectDirPath = "";
			projectRoot = "";
			targets = (
				1901DA3F1E8E8A89002FE833 /* RetroCalculator */,
			);
		};
/* End PBXProject section */

/* Begin PBXResourcesBuildPhase section */
		1901DA3E1E8E8A89002FE833 /* Resources */ = {
			isa = PBXResourcesBuildPhase;
			buildActionMask = 2147483647;
			files = (
				1927BEEC1E912A59009326B9 /* btn.wav in Resources */,
				1901DA4E1E8E8A89002FE833 /* LaunchScreen.storyboard in Resources */,
				1901DA4B1E8E8A89002FE833 /* Assets.xcassets in Resources */,
				1927BEEA1E912915009326B9 /* Minecraft.ttf in Resources */,
				1901DA491E8E8A89002FE833 /* Main.storyboard in Resources */,
			);
			runOnlyForDeploymentPostprocessing = 0;
		};
/* End PBXResourcesBuildPhase section */

/* Begin PBXSourcesBuildPhase section */
		1901DA3C1E8E8A89002FE833 /* Sources */ = {
			isa = PBXSourcesBuildPhase;
			buildActionMask = 2147483647;
			files = (
				1901DA461E8E8A89002FE833 /* ViewController.swift in Sources */,
				1901DA441E8E8A89002FE833 /* AppDelegate.swift in Sources */,
			);
			runOnlyForDeploymentPostprocessing = 0;
		};
/* End PBXSourcesBuildPhase section */

/* Begin PBXVariantGroup section */
		1901DA471E8E8A89002FE833 /* Main.storyboard */ = {
			isa = PBXVariantGroup;
			children = (
				1901DA481E8E8A89002FE833 /* Base */,
			);
			name = Main.storyboard;
			sourceTree = "<group>";
		};
		1901DA4C1E8E8A89002FE833 /* LaunchScreen.storyboard */ = {
			isa = PBXVariantGroup;
			children = (
				1901DA4D1E8E8A89002FE833 /* Base */,
			);
			name = LaunchScreen.storyboard;
			sourceTree = "<group>";
		};
/* End PBXVariantGroup section */

/* Begin XCBuildConfiguration section */
		1901DA501E8E8A89002FE833 /* Debug */ = {
			isa = XCBuildConfiguration;
			buildSettings = {
				ALWAYS_SEARCH_USER_PATHS = NO;
				CLANG_ANALYZER_NONNULL = YES;
				CLANG_ANALYZER_NUMBER_OBJECT_CONVERSION = YES_AGGRESSIVE;
				CLANG_CXX_LANGUAGE_STANDARD = "gnu++0x";
				CLANG_CXX_LIBRARY = "libc++";
				CLANG_ENABLE_MODULES = YES;
				CLANG_ENABLE_OBJC_ARC = YES;
				CLANG_WARN_BOOL_CONVERSION = YES;
				CLANG_WARN_CONSTANT_CONVERSION = YES;
				CLANG_WARN_DIRECT_OBJC_ISA_USAGE = YES_ERROR;
				CLANG_WARN_DOCUMENTATION_COMMENTS = YES;
				CLANG_WARN_EMPTY_BODY = YES;
				CLANG_WARN_ENUM_CONVERSION = YES;
				CLANG_WARN_INFINITE_RECURSION = YES;
				CLANG_WARN_INT_CONVERSION = YES;
				CLANG_WARN_OBJC_ROOT_CLASS = YES_ERROR;
				CLANG_WARN_SUSPICIOUS_MOVE = YES;
				CLANG_WARN_UNREACHABLE_CODE = YES;
				CLANG_WARN__DUPLICATE_METHOD_MATCH = YES;
				"CODE_SIGN_IDENTITY[sdk=iphoneos*]" = "iPhone Developer";
				COPY_PHASE_STRIP = NO;
				DEBUG_INFORMATION_FORMAT = dwarf;
				ENABLE_STRICT_OBJC_MSGSEND = YES;
				ENABLE_TESTABILITY = YES;
				GCC_C_LANGUAGE_STANDARD = gnu99;
				GCC_DYNAMIC_NO_PIC = NO;
				GCC_NO_COMMON_BLOCKS = YES;
				GCC_OPTIMIZATION_LEVEL = 0;
				GCC_PREPROCESSOR_DEFINITIONS = (
					"DEBUG=1",
					"$(inherited)",
				);
				GCC_WARN_64_TO_32_BIT_CONVERSION = YES;
				GCC_WARN_ABOUT_RETURN_TYPE = YES_ERROR;
				GCC_WARN_UNDECLARED_SELECTOR = YES;
				GCC_WARN_UNINITIALIZED_AUTOS = YES_AGGRESSIVE;
				GCC_WARN_UNUSED_FUNCTION = YES;
				GCC_WARN_UNUSED_VARIABLE = YES;
				IPHONEOS_DEPLOYMENT_TARGET = 10.3;
				MTL_ENABLE_DEBUG_INFO = YES;
				ONLY_ACTIVE_ARCH = YES;
				SDKROOT = iphoneos;
				SWIFT_ACTIVE_COMPILATION_CONDITIONS = DEBUG;
				SWIFT_OPTIMIZATION_LEVEL = "-Onone";
			};
			name = Debug;
		};
		1901DA511E8E8A89002FE833 /* Release */ = {
			isa = XCBuildConfiguration;
			buildSettings = {
				ALWAYS_SEARCH_USER_PATHS = NO;
				CLANG_ANALYZER_NONNULL = YES;
				CLANG_ANALYZER_NUMBER_OBJECT_CONVERSION = YES_AGGRESSIVE;
				CLANG_CXX_LANGUAGE_STANDARD = "gnu++0x";
				CLANG_CXX_LIBRARY = "libc++";
				CLANG_ENABLE_MODULES = YES;
				CLANG_ENABLE_OBJC_ARC = YES;
				CLANG_WARN_BOOL_CONVERSION = YES;
				CLANG_WARN_CONSTANT_CONVERSION = YES;
				CLANG_WARN_DIRECT_OBJC_ISA_USAGE = YES_ERROR;
				CLANG_WARN_DOCUMENTATION_COMMENTS = YES;
				CLANG_WARN_EMPTY_BODY = YES;
				CLANG_WARN_ENUM_CONVERSION = YES;
				CLANG_WARN_INFINITE_RECURSION = YES;
				CLANG_WARN_INT_CONVERSION = YES;
				CLANG_WARN_OBJC_ROOT_CLASS = YES_ERROR;
				CLANG_WARN_SUSPICIOUS_MOVE = YES;
				CLANG_WARN_UNREACHABLE_CODE = YES;
				CLANG_WARN__DUPLICATE_METHOD_MATCH = YES;
				"CODE_SIGN_IDENTITY[sdk=iphoneos*]" = "iPhone Developer";
				COPY_PHASE_STRIP = NO;
				DEBUG_INFORMATION_FORMAT = "dwarf-with-dsym";
				ENABLE_NS_ASSERTIONS = NO;
				ENABLE_STRICT_OBJC_MSGSEND = YES;
				GCC_C_LANGUAGE_STANDARD = gnu99;
				GCC_NO_COMMON_BLOCKS = YES;
				GCC_WARN_64_TO_32_BIT_CONVERSION = YES;
				GCC_WARN_ABOUT_RETURN_TYPE = YES_ERROR;
				GCC_WARN_UNDECLARED_SELECTOR = YES;
				GCC_WARN_UNINITIALIZED_AUTOS = YES_AGGRESSIVE;
				GCC_WARN_UNUSED_FUNCTION = YES;
				GCC_WARN_UNUSED_VARIABLE = YES;
				IPHONEOS_DEPLOYMENT_TARGET = 10.3;
				MTL_ENABLE_DEBUG_INFO = NO;
				SDKROOT = iphoneos;
				SWIFT_OPTIMIZATION_LEVEL = "-Owholemodule";
				VALIDATE_PRODUCT = YES;
			};
			name = Release;
		};
		1901DA531E8E8A89002FE833 /* Debug */ = {
			isa = XCBuildConfiguration;
			buildSettings = {
				ASSETCATALOG_COMPILER_APPICON_NAME = AppIcon;
				DEVELOPMENT_TEAM = W2J2UJ2R9S;
				INFOPLIST_FILE = RetroCalculator/Info.plist;
				LD_RUNPATH_SEARCH_PATHS = "$(inherited) @executable_path/Frameworks";
				PRODUCT_BUNDLE_IDENTIFIER = com.johncrisostomo.RetroCalculator;
				PRODUCT_NAME = "$(TARGET_NAME)";
				SWIFT_VERSION = 3.0;
			};
			name = Debug;
		};
		1901DA541E8E8A89002FE833 /* Release */ = {
			isa = XCBuildConfiguration;
			buildSettings = {
				ASSETCATALOG_COMPILER_APPICON_NAME = AppIcon;
				DEVELOPMENT_TEAM = W2J2UJ2R9S;
				INFOPLIST_FILE = RetroCalculator/Info.plist;
				LD_RUNPATH_SEARCH_PATHS = "$(inherited) @executable_path/Frameworks";
				PRODUCT_BUNDLE_IDENTIFIER = com.johncrisostomo.RetroCalculator;
				PRODUCT_NAME = "$(TARGET_NAME)";
				SWIFT_VERSION = 3.0;
			};
			name = Release;
		};
/* End XCBuildConfiguration section */

/* Begin XCConfigurationList section */
		1901DA3B1E8E8A89002FE833 /* Build configuration list for PBXProject "RetroCalculator" */ = {
			isa = XCConfigurationList;
			buildConfigurations = (
				1901DA501E8E8A89002FE833 /* Debug */,
				1901DA511E8E8A89002FE833 /* Release */,
			);
			defaultConfigurationIsVisible = 0;
			defaultConfigurationName = Release;
		};
		1901DA521E8E8A89002FE833 /* Build configuration list for PBXNativeTarget "RetroCalculator" */ = {
			isa = XCConfigurationList;
			buildConfigurations = (
				1901DA531E8E8A89002FE833 /* Debug */,
				1901DA541E8E8A89002FE833 /* Release */,
			);
			defaultConfigurationIsVisible = 0;
			defaultConfigurationName = Release;
		};
/* End XCConfigurationList section */
	};
	rootObject = 1901DA381E8E8A89002FE833 /* Project object */;
}
